
Microsoft Visual Studio Solution File, Format Version 12.00
# Visual Studio Version 16
VisualStudioVersion = 16.0.32126.315
MinimumVisualStudioVersion = 10.0.40219.1
Project("{FAE04EC0-301F-11D3-BF4B-00C04F79EFBC}") = "Practical18", "Practical18\Practical18.csproj", "{4291837F-8143-4A37-AA95-CAA9A2EE6F28}"
EndProject
Global
	GlobalSection(SolutionConfigurationPlatforms) = preSolution
		Debug|Any CPU = Debug|Any CPU
		Release|Any CPU = Release|Any CPU
	EndGlobalSection
	GlobalSection(ProjectConfigurationPlatforms) = postSolution
		{4291837F-8143-4A37-AA95-CAA9A2EE6F28}.Debug|Any CPU.ActiveCfg = Debug|Any CPU
		{4291837F-8143-4A37-AA95-CAA9A2EE6F28}.Debug|Any CPU.Build.0 = Debug|Any CPU
		{4291837F-8143-4A37-AA95-CAA9A2EE6F28}.Release|Any CPU.ActiveCfg = Release|Any CPU
		{4291837F-8143-4A37-AA95-CAA9A2EE6F28}.Release|Any CPU.Build.0 = Release|Any CPU
	EndGlobalSection
	GlobalSection(SolutionProperties) = preSolution
		HideSolutionNode = FALSE
	EndGlobalSection
	GlobalSection(ExtensibilityGlobals) = postSolution
		SolutionGuid = {E816F6FA-40EB-40C4-8AB0-E60EAABD6768}
	EndGlobalSection
EndGlobal
